
Microsoft Visual Studio Solution File, Format Version 12.00
# Visual Studio Version 17
VisualStudioVersion = 17.7.34024.191
MinimumVisualStudioVersion = 10.0.40219.1
Project("{FAE04EC0-301F-11D3-BF4B-00C04F79EFBC}") = "Oskar230173.TaskPlanner.DataAccess", "Oskar230173.TaskPlanner.DataAccess\Oskar230173.TaskPlanner.DataAccess.csproj", "{391F0CBB-21F2-4EEA-930A-A1CDC2E29890}"
EndProject
Global
	GlobalSection(SolutionConfigurationPlatforms) = preSolution
		Debug|Any CPU = Debug|Any CPU
		Release|Any CPU = Release|Any CPU
	EndGlobalSection
	GlobalSection(ProjectConfigurationPlatforms) = postSolution
		{391F0CBB-21F2-4EEA-930A-A1CDC2E29890}.Debug|Any CPU.ActiveCfg = Debug|Any CPU
		{391F0CBB-21F2-4EEA-930A-A1CDC2E29890}.Debug|Any CPU.Build.0 = Debug|Any CPU
		{391F0CBB-21F2-4EEA-930A-A1CDC2E29890}.Release|Any CPU.ActiveCfg = Release|Any CPU
		{391F0CBB-21F2-4EEA-930A-A1CDC2E29890}.Release|Any CPU.Build.0 = Release|Any CPU
	EndGlobalSection
	GlobalSection(SolutionProperties) = preSolution
		HideSolutionNode = FALSE
	EndGlobalSection
	GlobalSection(ExtensibilityGlobals) = postSolution
		SolutionGuid = {4F9A8AAB-0ADA-4E5C-AD2F-06F74F36C252}
	EndGlobalSection
EndGlobal
